
Microsoft Visual Studio Solution File, Format Version 12.00
Project("{FAE04EC0-301F-11D3-BF4B-00C04F79EFBC}") = "Shared", "Shared\Shared.csproj", "{C464B330-4552-46E2-8BCB-1754C68479AE}"
EndProject
Project("{FAE04EC0-301F-11D3-BF4B-00C04F79EFBC}") = "WebApi", "WebApi\WebApi.csproj", "{344D835D-EE6F-4E52-8922-6A28CACCF7FA}"
EndProject
Project("{FAE04EC0-301F-11D3-BF4B-00C04F79EFBC}") = "BlazorWasmUI", "BlazorWasmUI\BlazorWasmUI.csproj", "{3BE4ADC1-7307-4BB7-B343-4089DE74B166}"
EndProject
Project("{FAE04EC0-301F-11D3-BF4B-00C04F79EFBC}") = "WebProxy", "WebProxy\WebProxy.csproj", "{2EEEAC41-77D4-48BC-99D0-C2BF7ED52BEC}"
EndProject
Project("{FAE04EC0-301F-11D3-BF4B-00C04F79EFBC}") = "ApiClient", "ApiClient\ApiClient.csproj", "{A1220BDE-B6AC-4487-976F-A94DA36D6625}"
EndProject
Global
	GlobalSection(SolutionConfigurationPlatforms) = preSolution
		Debug|Any CPU = Debug|Any CPU
		Release|Any CPU = Release|Any CPU
	EndGlobalSection
	GlobalSection(ProjectConfigurationPlatforms) = postSolution
		{C464B330-4552-46E2-8BCB-1754C68479AE}.Debug|Any CPU.ActiveCfg = Debug|Any CPU
		{C464B330-4552-46E2-8BCB-1754C68479AE}.Debug|Any CPU.Build.0 = Debug|Any CPU
		{C464B330-4552-46E2-8BCB-1754C68479AE}.Release|Any CPU.ActiveCfg = Release|Any CPU
		{C464B330-4552-46E2-8BCB-1754C68479AE}.Release|Any CPU.Build.0 = Release|Any CPU
		{344D835D-EE6F-4E52-8922-6A28CACCF7FA}.Debug|Any CPU.ActiveCfg = Debug|Any CPU
		{344D835D-EE6F-4E52-8922-6A28CACCF7FA}.Debug|Any CPU.Build.0 = Debug|Any CPU
		{344D835D-EE6F-4E52-8922-6A28CACCF7FA}.Release|Any CPU.ActiveCfg = Release|Any CPU
		{344D835D-EE6F-4E52-8922-6A28CACCF7FA}.Release|Any CPU.Build.0 = Release|Any CPU
		{3BE4ADC1-7307-4BB7-B343-4089DE74B166}.Debug|Any CPU.ActiveCfg = Debug|Any CPU
		{3BE4ADC1-7307-4BB7-B343-4089DE74B166}.Debug|Any CPU.Build.0 = Debug|Any CPU
		{3BE4ADC1-7307-4BB7-B343-4089DE74B166}.Release|Any CPU.ActiveCfg = Release|Any CPU
		{3BE4ADC1-7307-4BB7-B343-4089DE74B166}.Release|Any CPU.Build.0 = Release|Any CPU
		{2EEEAC41-77D4-48BC-99D0-C2BF7ED52BEC}.Debug|Any CPU.ActiveCfg = Debug|Any CPU
		{2EEEAC41-77D4-48BC-99D0-C2BF7ED52BEC}.Debug|Any CPU.Build.0 = Debug|Any CPU
		{2EEEAC41-77D4-48BC-99D0-C2BF7ED52BEC}.Release|Any CPU.ActiveCfg = Release|Any CPU
		{2EEEAC41-77D4-48BC-99D0-C2BF7ED52BEC}.Release|Any CPU.Build.0 = Release|Any CPU
		{A1220BDE-B6AC-4487-976F-A94DA36D6625}.Debug|Any CPU.ActiveCfg = Debug|Any CPU
		{A1220BDE-B6AC-4487-976F-A94DA36D6625}.Debug|Any CPU.Build.0 = Debug|Any CPU
		{A1220BDE-B6AC-4487-976F-A94DA36D6625}.Release|Any CPU.ActiveCfg = Release|Any CPU
		{A1220BDE-B6AC-4487-976F-A94DA36D6625}.Release|Any CPU.Build.0 = Release|Any CPU
	EndGlobalSection
EndGlobal
